
Microsoft Visual Studio Solution File, Format Version 12.00
# Visual Studio Version 17
VisualStudioVersion = 17.11.35312.102
MinimumVisualStudioVersion = 10.0.40219.1
Project("{FAE04EC0-301F-11D3-BF4B-00C04F79EFBC}") = "AWS_Simple_Email_Service_With_Dotnet", "AWS_Simple_Email_Service_With_Dotnet\AWS_Simple_Email_Service_With_Dotnet.csproj", "{A269D54A-3AF9-4B84-9BF7-F8A3403AA609}"
EndProject
Global
	GlobalSection(SolutionConfigurationPlatforms) = preSolution
		Debug|Any CPU = Debug|Any CPU
		Release|Any CPU = Release|Any CPU
	EndGlobalSection
	GlobalSection(ProjectConfigurationPlatforms) = postSolution
		{A269D54A-3AF9-4B84-9BF7-F8A3403AA609}.Debug|Any CPU.ActiveCfg = Debug|Any CPU
		{A269D54A-3AF9-4B84-9BF7-F8A3403AA609}.Debug|Any CPU.Build.0 = Debug|Any CPU
		{A269D54A-3AF9-4B84-9BF7-F8A3403AA609}.Release|Any CPU.ActiveCfg = Release|Any CPU
		{A269D54A-3AF9-4B84-9BF7-F8A3403AA609}.Release|Any CPU.Build.0 = Release|Any CPU
	EndGlobalSection
	GlobalSection(SolutionProperties) = preSolution
		HideSolutionNode = FALSE
	EndGlobalSection
	GlobalSection(ExtensibilityGlobals) = postSolution
		SolutionGuid = {D6C01E4B-E432-4313-BA71-4F0148BCB01F}
	EndGlobalSection
EndGlobal
